
Microsoft Visual Studio Solution File, Format Version 12.00
# Visual Studio Version 17
VisualStudioVersion = 17.13.35931.197 d17.13
MinimumVisualStudioVersion = 10.0.40219.1
Project("{FAE04EC0-301F-11D3-BF4B-00C04F79EFBC}") = "GigaChat.Server", "GigaChat.Server\GigaChat.Server.csproj", "{DBF111CD-1560-4CA3-B27E-E47924DAA91E}"
EndProject
Global
	GlobalSection(SolutionConfigurationPlatforms) = preSolution
		Debug|Any CPU = Debug|Any CPU
		Release|Any CPU = Release|Any CPU
	EndGlobalSection
	GlobalSection(ProjectConfigurationPlatforms) = postSolution
		{DBF111CD-1560-4CA3-B27E-E47924DAA91E}.Debug|Any CPU.ActiveCfg = Debug|Any CPU
		{DBF111CD-1560-4CA3-B27E-E47924DAA91E}.Debug|Any CPU.Build.0 = Debug|Any CPU
		{DBF111CD-1560-4CA3-B27E-E47924DAA91E}.Release|Any CPU.ActiveCfg = Release|Any CPU
		{DBF111CD-1560-4CA3-B27E-E47924DAA91E}.Release|Any CPU.Build.0 = Release|Any CPU
	EndGlobalSection
	GlobalSection(SolutionProperties) = preSolution
		HideSolutionNode = FALSE
	EndGlobalSection
	GlobalSection(ExtensibilityGlobals) = postSolution
		SolutionGuid = {A6F3333A-B884-46EC-8139-97F5D2F88372}
	EndGlobalSection
EndGlobal
